
Microsoft Visual Studio Solution File, Format Version 12.00
# Visual Studio Version 17
VisualStudioVersion = 17.2.32616.157
MinimumVisualStudioVersion = 10.0.40219.1
Project("{FAE04EC0-301F-11D3-BF4B-00C04F79EFBC}") = "apiCiudades", "apiCiudades\apiCiudades.csproj", "{01FC37B6-9417-44A8-B1AD-6DD181C0D21C}"
EndProject
Global
	GlobalSection(SolutionConfigurationPlatforms) = preSolution
		Debug|Any CPU = Debug|Any CPU
		Release|Any CPU = Release|Any CPU
	EndGlobalSection
	GlobalSection(ProjectConfigurationPlatforms) = postSolution
		{01FC37B6-9417-44A8-B1AD-6DD181C0D21C}.Debug|Any CPU.ActiveCfg = Debug|Any CPU
		{01FC37B6-9417-44A8-B1AD-6DD181C0D21C}.Debug|Any CPU.Build.0 = Debug|Any CPU
		{01FC37B6-9417-44A8-B1AD-6DD181C0D21C}.Release|Any CPU.ActiveCfg = Release|Any CPU
		{01FC37B6-9417-44A8-B1AD-6DD181C0D21C}.Release|Any CPU.Build.0 = Release|Any CPU
	EndGlobalSection
	GlobalSection(SolutionProperties) = preSolution
		HideSolutionNode = FALSE
	EndGlobalSection
	GlobalSection(ExtensibilityGlobals) = postSolution
		SolutionGuid = {216664B6-B0A1-4D29-A84D-F8D941A06F01}
	EndGlobalSection
EndGlobal
